// !$*UTF8*$!
{
	archiveVersion = 1;
	classes = {
	};
	objectVersion = 46;
	objects = {

/* Begin PBXBuildFile section */
		7120C3211619DB9600B3FFBE /* UIKit.framework in Frameworks */ = {isa = PBXBuildFile; fileRef = 7120C3201619DB9600B3FFBE /* UIKit.framework */; };
		7120C3231619DB9600B3FFBE /* Foundation.framework in Frameworks */ = {isa = PBXBuildFile; fileRef = 7120C3221619DB9600B3FFBE /* Foundation.framework */; };
		7120C3251619DB9600B3FFBE /* CoreGraphics.framework in Frameworks */ = {isa = PBXBuildFile; fileRef = 7120C3241619DB9600B3FFBE /* CoreGraphics.framework */; };
		7120C32B1619DB9600B3FFBE /* InfoPlist.strings in Resources */ = {isa = PBXBuildFile; fileRef = 7120C3291619DB9600B3FFBE /* InfoPlist.strings */; };
		7120C32D1619DB9600B3FFBE /* main.m in Sources */ = {isa = PBXBuildFile; fileRef = 7120C32C1619DB9600B3FFBE /* main.m */; };
		7120C3311619DB9600B3FFBE /* AppDelegate.m in Sources */ = {isa = PBXBuildFile; fileRef = 7120C3301619DB9600B3FFBE /* AppDelegate.m */; };
		7120C3341619DB9600B3FFBE /* ViewController.m in Sources */ = {isa = PBXBuildFile; fileRef = 7120C3331619DB9600B3FFBE /* ViewController.m */; };
		7120C3371619DB9600B3FFBE /* ViewController.xib in Resources */ = {isa = PBXBuildFile; fileRef = 7120C3351619DB9600B3FFBE /* ViewController.xib */; };
		7120C3451619DCC100B3FFBE /* SecondViewController.m in Sources */ = {isa = PBXBuildFile; fileRef = 7120C3431619DCC100B3FFBE /* SecondViewController.m */; };
		7120C3461619DCC100B3FFBE /* SecondViewController.xib in Resources */ = {isa = PBXBuildFile; fileRef = 7120C3441619DCC100B3FFBE /* SecondViewController.xib */; };
		7125932D161BFCFF0041B5FA /* InformationViewController.m in Sources */ = {isa = PBXBuildFile; fileRef = 7125932B161BFCFF0041B5FA /* InformationViewController.m */; };
		7125932E161BFCFF0041B5FA /* InformationViewController.xib in Resources */ = {isa = PBXBuildFile; fileRef = 7125932C161BFCFF0041B5FA /* InformationViewController.xib */; };
		71290FB3161EF95A0058A553 /* 20-gear2.png in Resources */ = {isa = PBXBuildFile; fileRef = 71290F98161EF95A0058A553 /* 20-gear2.png */; };
		71290FB4161EF95A0058A553 /* add.jpg in Resources */ = {isa = PBXBuildFile; fileRef = 71290F99161EF95A0058A553 /* add.jpg */; };
		71290FB5161EF95A0058A553 /* back.jpg in Resources */ = {isa = PBXBuildFile; fileRef = 71290F9A161EF95A0058A553 /* back.jpg */; };
		71290FB6161EF95A0058A553 /* back1.jpg in Resources */ = {isa = PBXBuildFile; fileRef = 71290F9B161EF95A0058A553 /* back1.jpg */; };
		71290FB7161EF95A0058A553 /* background.jpg in Resources */ = {isa = PBXBuildFile; fileRef = 71290F9C161EF95A0058A553 /* background.jpg */; };
		71290FB8161EF95A0058A553 /* background1.jpg in Resources */ = {isa = PBXBuildFile; fileRef = 71290F9D161EF95A0058A553 /* background1.jpg */; };
		71290FB9161EF95A0058A553 /* calls.jpg in Resources */ = {isa = PBXBuildFile; fileRef = 71290F9E161EF95A0058A553 /* calls.jpg */; };
		71290FBA161EF95A0058A553 /* chat.jpg in Resources */ = {isa = PBXBuildFile; fileRef = 71290F9F161EF95A0058A553 /* chat.jpg */; };
		71290FBB161EF95A0058A553 /* continue.jpg in Resources */ = {isa = PBXBuildFile; fileRef = 71290FA0161EF95A0058A553 /* continue.jpg */; };
		71290FBC161EF95A0058A553 /* Default.png in Resources */ = {isa = PBXBuildFile; fileRef = 71290FA1161EF95A0058A553 /* Default.png */; };
		71290FBD161EF95A0058A553 /* edit.jpg in Resources */ = {isa = PBXBuildFile; fileRef = 71290FA2161EF95A0058A553 /* edit.jpg */; };
		71290FBE161EF95A0058A553 /* findfrnds.jpg in Resources */ = {isa = PBXBuildFile; fileRef = 71290FA3161EF95A0058A553 /* findfrnds.jpg */; };
		71290FBF161EF95A0058A553 /* friendrequest.jpg in Resources */ = {isa = PBXBuildFile; fileRef = 71290FA4161EF95A0058A553 /* friendrequest.jpg */; };
		71290FC0161EF95A0058A553 /* header.jpg in Resources */ = {isa = PBXBuildFile; fileRef = 71290FA5161EF95A0058A553 /* header.jpg */; };
		71290FC1161EF95A0058A553 /* images.jpg in Resources */ = {isa = PBXBuildFile; fileRef = 71290FA6161EF95A0058A553 /* images.jpg */; };
		71290FC2161EF95A0058A553 /* info.jpg in Resources */ = {isa = PBXBuildFile; fileRef = 71290FA7161EF95A0058A553 /* info.jpg */; };
		71290FC3161EF95A0058A553 /* moreApps.jpg in Resources */ = {isa = PBXBuildFile; fileRef = 71290FA8161EF95A0058A553 /* moreApps.jpg */; };
		71290FC4161EF95A0058A553 /* moregreatapps.jpg in Resources */ = {isa = PBXBuildFile; fileRef = 71290FA9161EF95A0058A553 /* moregreatapps.jpg */; };
		71290FC5161EF95A0058A553 /* msg.jpg in Resources */ = {isa = PBXBuildFile; fileRef = 71290FAA161EF95A0058A553 /* msg.jpg */; };
		71290FC6161EF95A0058A553 /* removeadds.jpg in Resources */ = {isa = PBXBuildFile; fileRef = 71290FAB161EF95A0058A553 /* removeadds.jpg */; };
		71290FC7161EF95A0058A553 /* save.jpg in Resources */ = {isa = PBXBuildFile; fileRef = 71290FAC161EF95A0058A553 /* save.jpg */; };
		71290FC8161EF95A0058A553 /* settings.png in Resources */ = {isa = PBXBuildFile; fileRef = 71290FAD161EF95A0058A553 /* settings.png */; };
		71290FC9161EF95A0058A553 /* socialite.jpg in Resources */ = {isa = PBXBuildFile; fileRef = 71290FAE161EF95A0058A553 /* socialite.jpg */; };
		71290FCA161EF95A0058A553 /* splashscreen.png in Resources */ = {isa = PBXBuildFile; fileRef = 71290FAF161EF95A0058A553 /* splashscreen.png */; };
		71290FCB161EF95A0058A553 /* statusupdate.jpg in Resources */ = {isa = PBXBuildFile; fileRef = 71290FB0161EF95A0058A553 /* statusupdate.jpg */; };
		71290FCC161EF95A0058A553 /* user.jpg in Resources */ = {isa = PBXBuildFile; fileRef = 71290FB1161EF95A0058A553 /* user.jpg */; };
		71290FCD161EF95A0058A553 /* videocall.jpg in Resources */ = {isa = PBXBuildFile; fileRef = 71290FB2161EF95A0058A553 /* videocall.jpg */; };
		7133CDAA1626D61D004498F6 /* facebook.jpg in Resources */ = {isa = PBXBuildFile; fileRef = 7133CDA91626D61D004498F6 /* facebook.jpg */; };
		7133CDAC1626D625004498F6 /* twitter.jpg in Resources */ = {isa = PBXBuildFile; fileRef = 7133CDAB1626D625004498F6 /* twitter.jpg */; };
		7133CDAE1626D64B004498F6 /* skype.jpg in Resources */ = {isa = PBXBuildFile; fileRef = 7133CDAD1626D64B004498F6 /* skype.jpg */; };
		71CEB8FC16281716003A2202 /* GmailViewController.m in Sources */ = {isa = PBXBuildFile; fileRef = 71CEB8FA16281716003A2202 /* GmailViewController.m */; };
		71CEB8FD16281716003A2202 /* GmailViewController.xib in Resources */ = {isa = PBXBuildFile; fileRef = 71CEB8FB16281716003A2202 /* GmailViewController.xib */; };
		71CEB8FF162819FF003A2202 /* gmail.jpg in Resources */ = {isa = PBXBuildFile; fileRef = 71CEB8FE162819FF003A2202 /* gmail.jpg */; };
		71CEB90316281BD9003A2202 /* LinkedInViewController.m in Sources */ = {isa = PBXBuildFile; fileRef = 71CEB90116281BD9003A2202 /* LinkedInViewController.m */; };
		71CEB90416281BD9003A2202 /* LinkedInViewController.xib in Resources */ = {isa = PBXBuildFile; fileRef = 71CEB90216281BD9003A2202 /* LinkedInViewController.xib */; };
		71CEB90916282D34003A2202 /* linkedIn.jpg in Resources */ = {isa = PBXBuildFile; fileRef = 71CEB90816282D34003A2202 /* linkedIn.jpg */; };
		71CEB90D16283538003A2202 /* SkypeViewController.m in Sources */ = {isa = PBXBuildFile; fileRef = 71CEB90B16283537003A2202 /* SkypeViewController.m */; };
		71CEB90E16283538003A2202 /* SkypeViewController.xib in Resources */ = {isa = PBXBuildFile; fileRef = 71CEB90C16283537003A2202 /* SkypeViewController.xib */; };
		71CFD41B161B0CBA00F05CD5 /* ProfileViewController.m in Sources */ = {isa = PBXBuildFile; fileRef = 71CFD419161B0CBA00F05CD5 /* ProfileViewController.m */; };
		71CFD41C161B0CBA00F05CD5 /* ProfileViewController.xib in Resources */ = {isa = PBXBuildFile; fileRef = 71CFD41A161B0CBA00F05CD5 /* ProfileViewController.xib */; };
		71E0EC861627CED3000148A7 /* TwitterViewController.m in Sources */ = {isa = PBXBuildFile; fileRef = 71E0EC841627CED3000148A7 /* TwitterViewController.m */; };
		71E0EC871627CED3000148A7 /* TwitterViewController.xib in Resources */ = {isa = PBXBuildFile; fileRef = 71E0EC851627CED3000148A7 /* TwitterViewController.xib */; };
		71E0EC961627E3A4000148A7 /* fbViewController.m in Sources */ = {isa = PBXBuildFile; fileRef = 71E0EC941627E3A4000148A7 /* fbViewController.m */; };
		71E0EC971627E3A4000148A7 /* fbViewController.xib in Resources */ = {isa = PBXBuildFile; fileRef = 71E0EC951627E3A4000148A7 /* fbViewController.xib */; };
/* End PBXBuildFile section */

/* Begin PBXFileReference section */
		7120C31C1619DB9600B3FFBE /* SocialApp.app */ = {isa = PBXFileReference; explicitFileType = wrapper.application; includeInIndex = 0; path = SocialApp.app; sourceTree = BUILT_PRODUCTS_DIR; };
		7120C3201619DB9600B3FFBE /* UIKit.framework */ = {isa = PBXFileReference; lastKnownFileType = wrapper.framework; name = UIKit.framework; path = System/Library/Frameworks/UIKit.framework; sourceTree = SDKROOT; };
		7120C3221619DB9600B3FFBE /* Foundation.framework */ = {isa = PBXFileReference; lastKnownFileType = wrapper.framework; name = Foundation.framework; path = System/Library/Frameworks/Foundation.framework; sourceTree = SDKROOT; };
		7120C3241619DB9600B3FFBE /* CoreGraphics.framework */ = {isa = PBXFileReference; lastKnownFileType = wrapper.framework; name = CoreGraphics.framework; path = System/Library/Frameworks/CoreGraphics.framework; sourceTree = SDKROOT; };
		7120C3281619DB9600B3FFBE /* SocialApp-Info.plist */ = {isa = PBXFileReference; lastKnownFileType = text.plist.xml; path = "SocialApp-Info.plist"; sourceTree = "<group>"; };
		7120C32A1619DB9600B3FFBE /* en */ = {isa = PBXFileReference; lastKnownFileType = text.plist.strings; name = en; path = en.lproj/InfoPlist.strings; sourceTree = "<group>"; };
		7120C32C1619DB9600B3FFBE /* main.m */ = {isa = PBXFileReference; lastKnownFileType = sourcecode.c.objc; path = main.m; sourceTree = "<group>"; };
		7120C32E1619DB9600B3FFBE /* SocialApp-Prefix.pch */ = {isa = PBXFileReference; lastKnownFileType = sourcecode.c.h; path = "SocialApp-Prefix.pch"; sourceTree = "<group>"; };
		7120C32F1619DB9600B3FFBE /* AppDelegate.h */ = {isa = PBXFileReference; lastKnownFileType = sourcecode.c.h; path = AppDelegate.h; sourceTree = "<group>"; };
		7120C3301619DB9600B3FFBE /* AppDelegate.m */ = {isa = PBXFileReference; lastKnownFileType = sourcecode.c.objc; path = AppDelegate.m; sourceTree = "<group>"; };
		7120C3321619DB9600B3FFBE /* ViewController.h */ = {isa = PBXFileReference; lastKnownFileType = sourcecode.c.h; path = ViewController.h; sourceTree = "<group>"; };
		7120C3331619DB9600B3FFBE /* ViewController.m */ = {isa = PBXFileReference; lastKnownFileType = sourcecode.c.objc; path = ViewController.m; sourceTree = "<group>"; };
		7120C3361619DB9600B3FFBE /* en */ = {isa = PBXFileReference; lastKnownFileType = file.xib; name = en; path = en.lproj/ViewController.xib; sourceTree = "<group>"; };
		7120C3421619DCC000B3FFBE /* SecondViewController.h */ = {isa = PBXFileReference; fileEncoding = 4; lastKnownFileType = sourcecode.c.h; path = SecondViewController.h; sourceTree = "<group>"; };
		7120C3431619DCC100B3FFBE /* SecondViewController.m */ = {isa = PBXFileReference; fileEncoding = 4; lastKnownFileType = sourcecode.c.objc; path = SecondViewController.m; sourceTree = "<group>"; };
		7120C3441619DCC100B3FFBE /* SecondViewController.xib */ = {isa = PBXFileReference; fileEncoding = 4; lastKnownFileType = file.xib; path = SecondViewController.xib; sourceTree = "<group>"; };
		7125932A161BFCFF0041B5FA /* InformationViewController.h */ = {isa = PBXFileReference; fileEncoding = 4; lastKnownFileType = sourcecode.c.h; path = InformationViewController.h; sourceTree = "<group>"; };
		7125932B161BFCFF0041B5FA /* InformationViewController.m */ = {isa = PBXFileReference; fileEncoding = 4; lastKnownFileType = sourcecode.c.objc; path = InformationViewController.m; sourceTree = "<group>"; };
		7125932C161BFCFF0041B5FA /* InformationViewController.xib */ = {isa = PBXFileReference; fileEncoding = 4; lastKnownFileType = file.xib; path = InformationViewController.xib; sourceTree = "<group>"; };
		71290F98161EF95A0058A553 /* 20-gear2.png */ = {isa = PBXFileReference; lastKnownFileType = image.png; path = "20-gear2.png"; sourceTree = "<group>"; };
		71290F99161EF95A0058A553 /* add.jpg */ = {isa = PBXFileReference; lastKnownFileType = image.jpeg; path = add.jpg; sourceTree = "<group>"; };
		71290F9A161EF95A0058A553 /* back.jpg */ = {isa = PBXFileReference; lastKnownFileType = image.jpeg; path = back.jpg; sourceTree = "<group>"; };
		71290F9B161EF95A0058A553 /* back1.jpg */ = {isa = PBXFileReference; lastKnownFileType = image.jpeg; path = back1.jpg; sourceTree = "<group>"; };
		71290F9C161EF95A0058A553 /* background.jpg */ = {isa = PBXFileReference; lastKnownFileType = image.jpeg; path = background.jpg; sourceTree = "<group>"; };
		71290F9D161EF95A0058A553 /* background1.jpg */ = {isa = PBXFileReference; lastKnownFileType = image.jpeg; path = background1.jpg; sourceTree = "<group>"; };
		71290F9E161EF95A0058A553 /* calls.jpg */ = {isa = PBXFileReference; lastKnownFileType = image.jpeg; path = calls.jpg; sourceTree = "<group>"; };
		71290F9F161EF95A0058A553 /* chat.jpg */ = {isa = PBXFileReference; lastKnownFileType = image.jpeg; path = chat.jpg; sourceTree = "<group>"; };
		71290FA0161EF95A0058A553 /* continue.jpg */ = {isa = PBXFileReference; lastKnownFileType = image.jpeg; path = continue.jpg; sourceTree = "<group>"; };
		71290FA1161EF95A0058A553 /* Default.png */ = {isa = PBXFileReference; lastKnownFileType = image.png; path = Default.png; sourceTree = "<group>"; };
		71290FA2161EF95A0058A553 /* edit.jpg */ = {isa = PBXFileReference; lastKnownFileType = image.jpeg; path = edit.jpg; sourceTree = "<group>"; };
		71290FA3161EF95A0058A553 /* findfrnds.jpg */ = {isa = PBXFileReference; lastKnownFileType = image.jpeg; path = findfrnds.jpg; sourceTree = "<group>"; };
		71290FA4161EF95A0058A553 /* friendrequest.jpg */ = {isa = PBXFileReference; lastKnownFileType = image.jpeg; path = friendrequest.jpg; sourceTree = "<group>"; };
		71290FA5161EF95A0058A553 /* header.jpg */ = {isa = PBXFileReference; lastKnownFileType = image.jpeg; path = header.jpg; sourceTree = "<group>"; };
		71290FA6161EF95A0058A553 /* images.jpg */ = {isa = PBXFileReference; lastKnownFileType = image.jpeg; path = images.jpg; sourceTree = "<group>"; };
		71290FA7161EF95A0058A553 /* info.jpg */ = {isa = PBXFileReference; lastKnownFileType = image.jpeg; path = info.jpg; sourceTree = "<group>"; };
		71290FA8161EF95A0058A553 /* moreApps.jpg */ = {isa = PBXFileReference; lastKnownFileType = image.jpeg; path = moreApps.jpg; sourceTree = "<group>"; };
		71290FA9161EF95A0058A553 /* moregreatapps.jpg */ = {isa = PBXFileReference; lastKnownFileType = image.jpeg; path = moregreatapps.jpg; sourceTree = "<group>"; };
		71290FAA161EF95A0058A553 /* msg.jpg */ = {isa = PBXFileReference; lastKnownFileType = image.jpeg; path = msg.jpg; sourceTree = "<group>"; };
		71290FAB161EF95A0058A553 /* removeadds.jpg */ = {isa = PBXFileReference; lastKnownFileType = image.jpeg; path = removeadds.jpg; sourceTree = "<group>"; };
		71290FAC161EF95A0058A553 /* save.jpg */ = {isa = PBXFileReference; lastKnownFileType = image.jpeg; path = save.jpg; sourceTree = "<group>"; };
		71290FAD161EF95A0058A553 /* settings.png */ = {isa = PBXFileReference; lastKnownFileType = image.png; path = settings.png; sourceTree = "<group>"; };
		71290FAE161EF95A0058A553 /* socialite.jpg */ = {isa = PBXFileReference; lastKnownFileType = image.jpeg; path = socialite.jpg; sourceTree = "<group>"; };
		71290FAF161EF95A0058A553 /* splashscreen.png */ = {isa = PBXFileReference; lastKnownFileType = image.png; path = splashscreen.png; sourceTree = "<group>"; };
		71290FB0161EF95A0058A553 /* statusupdate.jpg */ = {isa = PBXFileReference; lastKnownFileType = image.jpeg; path = statusupdate.jpg; sourceTree = "<group>"; };
		71290FB1161EF95A0058A553 /* user.jpg */ = {isa = PBXFileReference; lastKnownFileType = image.jpeg; path = user.jpg; sourceTree = "<group>"; };
		71290FB2161EF95A0058A553 /* videocall.jpg */ = {isa = PBXFileReference; lastKnownFileType = image.jpeg; path = videocall.jpg; sourceTree = "<group>"; };
		7133CDA91626D61D004498F6 /* facebook.jpg */ = {isa = PBXFileReference; lastKnownFileType = image.jpeg; path = facebook.jpg; sourceTree = "<group>"; };
		7133CDAB1626D625004498F6 /* twitter.jpg */ = {isa = PBXFileReference; lastKnownFileType = image.jpeg; path = twitter.jpg; sourceTree = "<group>"; };
		7133CDAD1626D64B004498F6 /* skype.jpg */ = {isa = PBXFileReference; lastKnownFileType = image.jpeg; path = skype.jpg; sourceTree = "<group>"; };
		714D6478161D67B5007C60D7 /* CoreLocation.framework */ = {isa = PBXFileReference; lastKnownFileType = wrapper.framework; name = CoreLocation.framework; path = System/Library/Frameworks/CoreLocation.framework; sourceTree = SDKROOT; };
		71CEB8F916281716003A2202 /* GmailViewController.h */ = {isa = PBXFileReference; fileEncoding = 4; lastKnownFileType = sourcecode.c.h; path = GmailViewController.h; sourceTree = "<group>"; };
		71CEB8FA16281716003A2202 /* GmailViewController.m */ = {isa = PBXFileReference; fileEncoding = 4; lastKnownFileType = sourcecode.c.objc; path = GmailViewController.m; sourceTree = "<group>"; };
		71CEB8FB16281716003A2202 /* GmailViewController.xib */ = {isa = PBXFileReference; fileEncoding = 4; lastKnownFileType = file.xib; path = GmailViewController.xib; sourceTree = "<group>"; };
		71CEB8FE162819FF003A2202 /* gmail.jpg */ = {isa = PBXFileReference; lastKnownFileType = image.jpeg; path = gmail.jpg; sourceTree = "<group>"; };
		71CEB90016281BD9003A2202 /* LinkedInViewController.h */ = {isa = PBXFileReference; fileEncoding = 4; lastKnownFileType = sourcecode.c.h; path = LinkedInViewController.h; sourceTree = "<group>"; };
		71CEB90116281BD9003A2202 /* LinkedInViewController.m */ = {isa = PBXFileReference; fileEncoding = 4; lastKnownFileType = sourcecode.c.objc; path = LinkedInViewController.m; sourceTree = "<group>"; };
		71CEB90216281BD9003A2202 /* LinkedInViewController.xib */ = {isa = PBXFileReference; fileEncoding = 4; lastKnownFileType = file.xib; path = LinkedInViewController.xib; sourceTree = "<group>"; };
		71CEB90816282D34003A2202 /* linkedIn.jpg */ = {isa = PBXFileReference; lastKnownFileType = image.jpeg; path = linkedIn.jpg; sourceTree = "<group>"; };
		71CEB90A16283537003A2202 /* SkypeViewController.h */ = {isa = PBXFileReference; fileEncoding = 4; lastKnownFileType = sourcecode.c.h; path = SkypeViewController.h; sourceTree = "<group>"; };
		71CEB90B16283537003A2202 /* SkypeViewController.m */ = {isa = PBXFileReference; fileEncoding = 4; lastKnownFileType = sourcecode.c.objc; path = SkypeViewController.m; sourceTree = "<group>"; };
		71CEB90C16283537003A2202 /* SkypeViewController.xib */ = {isa = PBXFileReference; fileEncoding = 4; lastKnownFileType = file.xib; path = SkypeViewController.xib; sourceTree = "<group>"; };
		71CFD418161B0CBA00F05CD5 /* ProfileViewController.h */ = {isa = PBXFileReference; fileEncoding = 4; lastKnownFileType = sourcecode.c.h; path = ProfileViewController.h; sourceTree = "<group>"; };
		71CFD419161B0CBA00F05CD5 /* ProfileViewController.m */ = {isa = PBXFileReference; fileEncoding = 4; lastKnownFileType = sourcecode.c.objc; path = ProfileViewController.m; sourceTree = "<group>"; };
		71CFD41A161B0CBA00F05CD5 /* ProfileViewController.xib */ = {isa = PBXFileReference; fileEncoding = 4; lastKnownFileType = file.xib; path = ProfileViewController.xib; sourceTree = "<group>"; };
		71E0EC831627CED3000148A7 /* TwitterViewController.h */ = {isa = PBXFileReference; fileEncoding = 4; lastKnownFileType = sourcecode.c.h; path = TwitterViewController.h; sourceTree = "<group>"; };
		71E0EC841627CED3000148A7 /* TwitterViewController.m */ = {isa = PBXFileReference; fileEncoding = 4; lastKnownFileType = sourcecode.c.objc; path = TwitterViewController.m; sourceTree = "<group>"; };
		71E0EC851627CED3000148A7 /* TwitterViewController.xib */ = {isa = PBXFileReference; fileEncoding = 4; lastKnownFileType = file.xib; path = TwitterViewController.xib; sourceTree = "<group>"; };
		71E0EC931627E3A4000148A7 /* fbViewController.h */ = {isa = PBXFileReference; fileEncoding = 4; lastKnownFileType = sourcecode.c.h; path = fbViewController.h; sourceTree = "<group>"; };
		71E0EC941627E3A4000148A7 /* fbViewController.m */ = {isa = PBXFileReference; fileEncoding = 4; lastKnownFileType = sourcecode.c.objc; path = fbViewController.m; sourceTree = "<group>"; };
		71E0EC951627E3A4000148A7 /* fbViewController.xib */ = {isa = PBXFileReference; fileEncoding = 4; lastKnownFileType = file.xib; path = fbViewController.xib; sourceTree = "<group>"; };
/* End PBXFileReference section */

/* Begin PBXFrameworksBuildPhase section */
		7120C3191619DB9600B3FFBE /* Frameworks */ = {
			isa = PBXFrameworksBuildPhase;
			buildActionMask = 2147483647;
			files = (
				7120C3211619DB9600B3FFBE /* UIKit.framework in Frameworks */,
				7120C3231619DB9600B3FFBE /* Foundation.framework in Frameworks */,
				7120C3251619DB9600B3FFBE /* CoreGraphics.framework in Frameworks */,
			);
			runOnlyForDeploymentPostprocessing = 0;
		};
/* End PBXFrameworksBuildPhase section */

/* Begin PBXGroup section */
		7120C3111619DB9600B3FFBE = {
			isa = PBXGroup;
			children = (
				71290F97161EF95A0058A553 /* images */,
				7120C3261619DB9600B3FFBE /* SocialApp */,
				7120C31F1619DB9600B3FFBE /* Frameworks */,
				7120C31D1619DB9600B3FFBE /* Products */,
			);
			sourceTree = "<group>";
		};
		7120C31D1619DB9600B3FFBE /* Products */ = {
			isa = PBXGroup;
			children = (
				7120C31C1619DB9600B3FFBE /* SocialApp.app */,
			);
			name = Products;
			sourceTree = "<group>";
		};
		7120C31F1619DB9600B3FFBE /* Frameworks */ = {
			isa = PBXGroup;
			children = (
				714D6478161D67B5007C60D7 /* CoreLocation.framework */,
				7120C3201619DB9600B3FFBE /* UIKit.framework */,
				7120C3221619DB9600B3FFBE /* Foundation.framework */,
				7120C3241619DB9600B3FFBE /* CoreGraphics.framework */,
			);
			name = Frameworks;
			sourceTree = "<group>";
		};
		7120C3261619DB9600B3FFBE /* SocialApp */ = {
			isa = PBXGroup;
			children = (
				7120C32F1619DB9600B3FFBE /* AppDelegate.h */,
				7120C3301619DB9600B3FFBE /* AppDelegate.m */,
				7120C3321619DB9600B3FFBE /* ViewController.h */,
				7120C3331619DB9600B3FFBE /* ViewController.m */,
				7120C3351619DB9600B3FFBE /* ViewController.xib */,
				7120C3421619DCC000B3FFBE /* SecondViewController.h */,
				7120C3431619DCC100B3FFBE /* SecondViewController.m */,
				7120C3441619DCC100B3FFBE /* SecondViewController.xib */,
				71CFD418161B0CBA00F05CD5 /* ProfileViewController.h */,
				71CFD419161B0CBA00F05CD5 /* ProfileViewController.m */,
				71CFD41A161B0CBA00F05CD5 /* ProfileViewController.xib */,
				7125932A161BFCFF0041B5FA /* InformationViewController.h */,
				7125932B161BFCFF0041B5FA /* InformationViewController.m */,
				7125932C161BFCFF0041B5FA /* InformationViewController.xib */,
				71E0EC831627CED3000148A7 /* TwitterViewController.h */,
				71E0EC841627CED3000148A7 /* TwitterViewController.m */,
				71E0EC851627CED3000148A7 /* TwitterViewController.xib */,
				71E0EC931627E3A4000148A7 /* fbViewController.h */,
				71E0EC941627E3A4000148A7 /* fbViewController.m */,
				71E0EC951627E3A4000148A7 /* fbViewController.xib */,
				71CEB8F916281716003A2202 /* GmailViewController.h */,
				71CEB8FA16281716003A2202 /* GmailViewController.m */,
				71CEB8FB16281716003A2202 /* GmailViewController.xib */,
				71CEB90016281BD9003A2202 /* LinkedInViewController.h */,
				71CEB90116281BD9003A2202 /* LinkedInViewController.m */,
				71CEB90216281BD9003A2202 /* LinkedInViewController.xib */,
				71CEB90A16283537003A2202 /* SkypeViewController.h */,
				71CEB90B16283537003A2202 /* SkypeViewController.m */,
				71CEB90C16283537003A2202 /* SkypeViewController.xib */,
				7120C3271619DB9600B3FFBE /* Supporting Files */,
			);
			path = SocialApp;
			sourceTree = "<group>";
		};
		7120C3271619DB9600B3FFBE /* Supporting Files */ = {
			isa = PBXGroup;
			children = (
				7120C3281619DB9600B3FFBE /* SocialApp-Info.plist */,
				7120C3291619DB9600B3FFBE /* InfoPlist.strings */,
				7120C32C1619DB9600B3FFBE /* main.m */,
				7120C32E1619DB9600B3FFBE /* SocialApp-Prefix.pch */,
			);
			name = "Supporting Files";
			sourceTree = "<group>";
		};
		71290F97161EF95A0058A553 /* images */ = {
			isa = PBXGroup;
			children = (
				7133CDAD1626D64B004498F6 /* skype.jpg */,
				7133CDA91626D61D004498F6 /* facebook.jpg */,
				7133CDAB1626D625004498F6 /* twitter.jpg */,
				71CEB8FE162819FF003A2202 /* gmail.jpg */,
				71CEB90816282D34003A2202 /* linkedIn.jpg */,
				71290F98161EF95A0058A553 /* 20-gear2.png */,
				71290F99161EF95A0058A553 /* add.jpg */,
				71290F9A161EF95A0058A553 /* back.jpg */,
				71290F9B161EF95A0058A553 /* back1.jpg */,
				71290F9C161EF95A0058A553 /* background.jpg */,
				71290F9D161EF95A0058A553 /* background1.jpg */,
				71290F9E161EF95A0058A553 /* calls.jpg */,
				71290F9F161EF95A0058A553 /* chat.jpg */,
				71290FA0161EF95A0058A553 /* continue.jpg */,
				71290FA1161EF95A0058A553 /* Default.png */,
				71290FA2161EF95A0058A553 /* edit.jpg */,
				71290FA3161EF95A0058A553 /* findfrnds.jpg */,
				71290FA4161EF95A0058A553 /* friendrequest.jpg */,
				71290FA5161EF95A0058A553 /* header.jpg */,
				71290FA6161EF95A0058A553 /* images.jpg */,
				71290FA7161EF95A0058A553 /* info.jpg */,
				71290FA8161EF95A0058A553 /* moreApps.jpg */,
				71290FA9161EF95A0058A553 /* moregreatapps.jpg */,
				71290FAA161EF95A0058A553 /* msg.jpg */,
				71290FAB161EF95A0058A553 /* removeadds.jpg */,
				71290FAC161EF95A0058A553 /* save.jpg */,
				71290FAD161EF95A0058A553 /* settings.png */,
				71290FAE161EF95A0058A553 /* socialite.jpg */,
				71290FAF161EF95A0058A553 /* splashscreen.png */,
				71290FB0161EF95A0058A553 /* statusupdate.jpg */,
				71290FB1161EF95A0058A553 /* user.jpg */,
				71290FB2161EF95A0058A553 /* videocall.jpg */,
			);
			path = images;
			sourceTree = "<group>";
		};
/* End PBXGroup section */

/* Begin PBXNativeTarget section */
		7120C31B1619DB9600B3FFBE /* SocialApp */ = {
			isa = PBXNativeTarget;
			buildConfigurationList = 7120C33A1619DB9600B3FFBE /* Build configuration list for PBXNativeTarget "SocialApp" */;
			buildPhases = (
				7120C3181619DB9600B3FFBE /* Sources */,
				7120C3191619DB9600B3FFBE /* Frameworks */,
				7120C31A1619DB9600B3FFBE /* Resources */,
			);
			buildRules = (
			);
			dependencies = (
			);
			name = SocialApp;
			productName = SocialApp;
			productReference = 7120C31C1619DB9600B3FFBE /* SocialApp.app */;
			productType = "com.apple.product-type.application";
		};
/* End PBXNativeTarget section */

/* Begin PBXProject section */
		7120C3131619DB9600B3FFBE /* Project object */ = {
			isa = PBXProject;
			attributes = {
				LastUpgradeCheck = 0430;
				ORGANIZATIONNAME = "punnami hatcheries";
			};
			buildConfigurationList = 7120C3161619DB9600B3FFBE /* Build configuration list for PBXProject "SocialApp" */;
			compatibilityVersion = "Xcode 3.2";
			developmentRegion = English;
			hasScannedForEncodings = 0;
			knownRegions = (
				en,
			);
			mainGroup = 7120C3111619DB9600B3FFBE;
			productRefGroup = 7120C31D1619DB9600B3FFBE /* Products */;
			projectDirPath = "";
			projectRoot = "";
			targets = (
				7120C31B1619DB9600B3FFBE /* SocialApp */,
			);
		};
/* End PBXProject section */

/* Begin PBXResourcesBuildPhase section */
		7120C31A1619DB9600B3FFBE /* Resources */ = {
			isa = PBXResourcesBuildPhase;
			buildActionMask = 2147483647;
			files = (
				7120C32B1619DB9600B3FFBE /* InfoPlist.strings in Resources */,
				7120C3371619DB9600B3FFBE /* ViewController.xib in Resources */,
				7120C3461619DCC100B3FFBE /* SecondViewController.xib in Resources */,
				71CFD41C161B0CBA00F05CD5 /* ProfileViewController.xib in Resources */,
				7125932E161BFCFF0041B5FA /* InformationViewController.xib in Resources */,
				71290FB3161EF95A0058A553 /* 20-gear2.png in Resources */,
				71290FB4161EF95A0058A553 /* add.jpg in Resources */,
				71290FB5161EF95A0058A553 /* back.jpg in Resources */,
				71290FB6161EF95A0058A553 /* back1.jpg in Resources */,
				71290FB7161EF95A0058A553 /* background.jpg in Resources */,
				71290FB8161EF95A0058A553 /* background1.jpg in Resources */,
				71290FB9161EF95A0058A553 /* calls.jpg in Resources */,
				71290FBA161EF95A0058A553 /* chat.jpg in Resources */,
				71290FBB161EF95A0058A553 /* continue.jpg in Resources */,
				71290FBC161EF95A0058A553 /* Default.png in Resources */,
				71290FBD161EF95A0058A553 /* edit.jpg in Resources */,
				71290FBE161EF95A0058A553 /* findfrnds.jpg in Resources */,
				71290FBF161EF95A0058A553 /* friendrequest.jpg in Resources */,
				71290FC0161EF95A0058A553 /* header.jpg in Resources */,
				71290FC1161EF95A0058A553 /* images.jpg in Resources */,
				71290FC2161EF95A0058A553 /* info.jpg in Resources */,
				71290FC3161EF95A0058A553 /* moreApps.jpg in Resources */,
				71290FC4161EF95A0058A553 /* moregreatapps.jpg in Resources */,
				71290FC5161EF95A0058A553 /* msg.jpg in Resources */,
				71290FC6161EF95A0058A553 /* removeadds.jpg in Resources */,
				71290FC7161EF95A0058A553 /* save.jpg in Resources */,
				71290FC8161EF95A0058A553 /* settings.png in Resources */,
				71290FC9161EF95A0058A553 /* socialite.jpg in Resources */,
				71290FCA161EF95A0058A553 /* splashscreen.png in Resources */,
				71290FCB161EF95A0058A553 /* statusupdate.jpg in Resources */,
				71290FCC161EF95A0058A553 /* user.jpg in Resources */,
				71290FCD161EF95A0058A553 /* videocall.jpg in Resources */,
				7133CDAA1626D61D004498F6 /* facebook.jpg in Resources */,
				7133CDAC1626D625004498F6 /* twitter.jpg in Resources */,
				7133CDAE1626D64B004498F6 /* skype.jpg in Resources */,
				71E0EC871627CED3000148A7 /* TwitterViewController.xib in Resources */,
				71E0EC971627E3A4000148A7 /* fbViewController.xib in Resources */,
				71CEB8FD16281716003A2202 /* GmailViewController.xib in Resources */,
				71CEB8FF162819FF003A2202 /* gmail.jpg in Resources */,
				71CEB90416281BD9003A2202 /* LinkedInViewController.xib in Resources */,
				71CEB90916282D34003A2202 /* linkedIn.jpg in Resources */,
				71CEB90E16283538003A2202 /* SkypeViewController.xib in Resources */,
			);
			runOnlyForDeploymentPostprocessing = 0;
		};
/* End PBXResourcesBuildPhase section */

/* Begin PBXSourcesBuildPhase section */
		7120C3181619DB9600B3FFBE /* Sources */ = {
			isa = PBXSourcesBuildPhase;
			buildActionMask = 2147483647;
			files = (
				7120C32D1619DB9600B3FFBE /* main.m in Sources */,
				7120C3311619DB9600B3FFBE /* AppDelegate.m in Sources */,
				7120C3341619DB9600B3FFBE /* ViewController.m in Sources */,
				7120C3451619DCC100B3FFBE /* SecondViewController.m in Sources */,
				71CFD41B161B0CBA00F05CD5 /* ProfileViewController.m in Sources */,
				7125932D161BFCFF0041B5FA /* InformationViewController.m in Sources */,
				71E0EC861627CED3000148A7 /* TwitterViewController.m in Sources */,
				71E0EC961627E3A4000148A7 /* fbViewController.m in Sources */,
				71CEB8FC16281716003A2202 /* GmailViewController.m in Sources */,
				71CEB90316281BD9003A2202 /* LinkedInViewController.m in Sources */,
				71CEB90D16283538003A2202 /* SkypeViewController.m in Sources */,
			);
			runOnlyForDeploymentPostprocessing = 0;
		};
/* End PBXSourcesBuildPhase section */

/* Begin PBXVariantGroup section */
		7120C3291619DB9600B3FFBE /* InfoPlist.strings */ = {
			isa = PBXVariantGroup;
			children = (
				7120C32A1619DB9600B3FFBE /* en */,
			);
			name = InfoPlist.strings;
			sourceTree = "<group>";
		};
		7120C3351619DB9600B3FFBE /* ViewController.xib */ = {
			isa = PBXVariantGroup;
			children = (
				7120C3361619DB9600B3FFBE /* en */,
			);
			name = ViewController.xib;
			sourceTree = "<group>";
		};
/* End PBXVariantGroup section */

/* Begin XCBuildConfiguration section */
		7120C3381619DB9600B3FFBE /* Debug */ = {
			isa = XCBuildConfiguration;
			buildSettings = {
				ALWAYS_SEARCH_USER_PATHS = NO;
				ARCHS = "$(ARCHS_STANDARD_32_BIT)";
				"CODE_SIGN_IDENTITY[sdk=iphoneos*]" = "iPhone Developer";
				COPY_PHASE_STRIP = NO;
				GCC_C_LANGUAGE_STANDARD = gnu99;
				GCC_DYNAMIC_NO_PIC = NO;
				GCC_OPTIMIZATION_LEVEL = 0;
				GCC_PREPROCESSOR_DEFINITIONS = (
					"DEBUG=1",
					"$(inherited)",
				);
				GCC_SYMBOLS_PRIVATE_EXTERN = NO;
				GCC_VERSION = com.apple.compilers.llvm.clang.1_0;
				GCC_WARN_ABOUT_RETURN_TYPE = YES;
				GCC_WARN_UNINITIALIZED_AUTOS = YES;
				GCC_WARN_UNUSED_VARIABLE = YES;
				IPHONEOS_DEPLOYMENT_TARGET = 5.1;
				SDKROOT = iphoneos;
			};
			name = Debug;
		};
		7120C3391619DB9600B3FFBE /* Release */ = {
			isa = XCBuildConfiguration;
			buildSettings = {
				ALWAYS_SEARCH_USER_PATHS = NO;
				ARCHS = "$(ARCHS_STANDARD_32_BIT)";
				"CODE_SIGN_IDENTITY[sdk=iphoneos*]" = "iPhone Developer";
				COPY_PHASE_STRIP = YES;
				GCC_C_LANGUAGE_STANDARD = gnu99;
				GCC_VERSION = com.apple.compilers.llvm.clang.1_0;
				GCC_WARN_ABOUT_RETURN_TYPE = YES;
				GCC_WARN_UNINITIALIZED_AUTOS = YES;
				GCC_WARN_UNUSED_VARIABLE = YES;
				IPHONEOS_DEPLOYMENT_TARGET = 5.1;
				OTHER_CFLAGS = "-DNS_BLOCK_ASSERTIONS=1";
				SDKROOT = iphoneos;
				VALIDATE_PRODUCT = YES;
			};
			name = Release;
		};
		7120C33B1619DB9600B3FFBE /* Debug */ = {
			isa = XCBuildConfiguration;
			buildSettings = {
				GCC_PRECOMPILE_PREFIX_HEADER = YES;
				GCC_PREFIX_HEADER = "SocialApp/SocialApp-Prefix.pch";
				INFOPLIST_FILE = "SocialApp/SocialApp-Info.plist";
				PRODUCT_NAME = "$(TARGET_NAME)";
				WRAPPER_EXTENSION = app;
			};
			name = Debug;
		};
		7120C33C1619DB9600B3FFBE /* Release */ = {
			isa = XCBuildConfiguration;
			buildSettings = {
				GCC_PRECOMPILE_PREFIX_HEADER = YES;
				GCC_PREFIX_HEADER = "SocialApp/SocialApp-Prefix.pch";
				INFOPLIST_FILE = "SocialApp/SocialApp-Info.plist";
				PRODUCT_NAME = "$(TARGET_NAME)";
				WRAPPER_EXTENSION = app;
			};
			name = Release;
		};
/* End XCBuildConfiguration section */

/* Begin XCConfigurationList section */
		7120C3161619DB9600B3FFBE /* Build configuration list for PBXProject "SocialApp" */ = {
			isa = XCConfigurationList;
			buildConfigurations = (
				7120C3381619DB9600B3FFBE /* Debug */,
				7120C3391619DB9600B3FFBE /* Release */,
			);
			defaultConfigurationIsVisible = 0;
			defaultConfigurationName = Release;
		};
		7120C33A1619DB9600B3FFBE /* Build configuration list for PBXNativeTarget "SocialApp" */ = {
			isa = XCConfigurationList;
			buildConfigurations = (
				7120C33B1619DB9600B3FFBE /* Debug */,
				7120C33C1619DB9600B3FFBE /* Release */,
			);
			defaultConfigurationIsVisible = 0;
			defaultConfigurationName = Release;
		};
/* End XCConfigurationList section */
	};
	rootObject = 7120C3131619DB9600B3FFBE /* Project object */;
}
