// !$*UTF8*$!
{
	archiveVersion = 1;
	classes = {
	};
	objectVersion = 46;
	objects = {

/* Begin PBXBuildFile section */
		711A1EE3161AC99000E3823C /* back.jpg in Resources */ = {isa = PBXBuildFile; fileRef = 711A1EE2161AC99000E3823C /* back.jpg */; };
		711A1EE8161ACD5900E3823C /* socialite.jpg in Resources */ = {isa = PBXBuildFile; fileRef = 711A1EE7161ACD5900E3823C /* socialite.jpg */; };
		711A1EEA161ACF2E00E3823C /* continue.jpg in Resources */ = {isa = PBXBuildFile; fileRef = 711A1EE9161ACF2E00E3823C /* continue.jpg */; };
		711A1EEC161AD0CB00E3823C /* moreApps.jpg in Resources */ = {isa = PBXBuildFile; fileRef = 711A1EEB161AD0CB00E3823C /* moreApps.jpg */; };
		711A1EEE161AD2A700E3823C /* removeadds.jpg in Resources */ = {isa = PBXBuildFile; fileRef = 711A1EED161AD2A700E3823C /* removeadds.jpg */; };
		711A1EF4161AD61100E3823C /* moregreatapps.jpg in Resources */ = {isa = PBXBuildFile; fileRef = 711A1EF3161AD61100E3823C /* moregreatapps.jpg */; };
		711A1EF8161AD98200E3823C /* add.jpg in Resources */ = {isa = PBXBuildFile; fileRef = 711A1EF7161AD98200E3823C /* add.jpg */; };
		7120C3211619DB9600B3FFBE /* UIKit.framework in Frameworks */ = {isa = PBXBuildFile; fileRef = 7120C3201619DB9600B3FFBE /* UIKit.framework */; };
		7120C3231619DB9600B3FFBE /* Foundation.framework in Frameworks */ = {isa = PBXBuildFile; fileRef = 7120C3221619DB9600B3FFBE /* Foundation.framework */; };
		7120C3251619DB9600B3FFBE /* CoreGraphics.framework in Frameworks */ = {isa = PBXBuildFile; fileRef = 7120C3241619DB9600B3FFBE /* CoreGraphics.framework */; };
		7120C32B1619DB9600B3FFBE /* InfoPlist.strings in Resources */ = {isa = PBXBuildFile; fileRef = 7120C3291619DB9600B3FFBE /* InfoPlist.strings */; };
		7120C32D1619DB9600B3FFBE /* main.m in Sources */ = {isa = PBXBuildFile; fileRef = 7120C32C1619DB9600B3FFBE /* main.m */; };
		7120C3311619DB9600B3FFBE /* AppDelegate.m in Sources */ = {isa = PBXBuildFile; fileRef = 7120C3301619DB9600B3FFBE /* AppDelegate.m */; };
		7120C3341619DB9600B3FFBE /* ViewController.m in Sources */ = {isa = PBXBuildFile; fileRef = 7120C3331619DB9600B3FFBE /* ViewController.m */; };
		7120C3371619DB9600B3FFBE /* ViewController.xib in Resources */ = {isa = PBXBuildFile; fileRef = 7120C3351619DB9600B3FFBE /* ViewController.xib */; };
		7120C33E1619DBBA00B3FFBE /* Default.png in Resources */ = {isa = PBXBuildFile; fileRef = 7120C33D1619DBBA00B3FFBE /* Default.png */; };
		7120C3411619DC1000B3FFBE /* images.jpg in Resources */ = {isa = PBXBuildFile; fileRef = 7120C3401619DC1000B3FFBE /* images.jpg */; };
		7120C3451619DCC100B3FFBE /* SecondViewController.m in Sources */ = {isa = PBXBuildFile; fileRef = 7120C3431619DCC100B3FFBE /* SecondViewController.m */; };
		7120C3461619DCC100B3FFBE /* SecondViewController.xib in Resources */ = {isa = PBXBuildFile; fileRef = 7120C3441619DCC100B3FFBE /* SecondViewController.xib */; };
		71CFD3F6161AE8FB00F05CD5 /* background.jpg in Resources */ = {isa = PBXBuildFile; fileRef = 71CFD3F5161AE8FB00F05CD5 /* background.jpg */; };
		71CFD3F9161AED8E00F05CD5 /* background1.jpg in Resources */ = {isa = PBXBuildFile; fileRef = 71CFD3F8161AED8E00F05CD5 /* background1.jpg */; };
		71CFD3FB161AEF1B00F05CD5 /* header.jpg in Resources */ = {isa = PBXBuildFile; fileRef = 71CFD3FA161AEF1B00F05CD5 /* header.jpg */; };
		71CFD3FD161AF15100F05CD5 /* back1.jpg in Resources */ = {isa = PBXBuildFile; fileRef = 71CFD3FC161AF15100F05CD5 /* back1.jpg */; };
		71CFD3FF161AF29100F05CD5 /* friendrequest.jpg in Resources */ = {isa = PBXBuildFile; fileRef = 71CFD3FE161AF29100F05CD5 /* friendrequest.jpg */; };
		71CFD401161AF34E00F05CD5 /* calls.jpg in Resources */ = {isa = PBXBuildFile; fileRef = 71CFD400161AF34E00F05CD5 /* calls.jpg */; };
		71CFD403161AF4A400F05CD5 /* statusupdate.jpg in Resources */ = {isa = PBXBuildFile; fileRef = 71CFD402161AF4A400F05CD5 /* statusupdate.jpg */; };
		71CFD405161AF69500F05CD5 /* chat.jpg in Resources */ = {isa = PBXBuildFile; fileRef = 71CFD404161AF69500F05CD5 /* chat.jpg */; };
		71CFD407161AFCBC00F05CD5 /* videocall.jpg in Resources */ = {isa = PBXBuildFile; fileRef = 71CFD406161AFCBC00F05CD5 /* videocall.jpg */; };
		71CFD409161AFE2E00F05CD5 /* msg.jpg in Resources */ = {isa = PBXBuildFile; fileRef = 71CFD408161AFE2E00F05CD5 /* msg.jpg */; };
		71CFD40B161AFF1900F05CD5 /* findfrnds.jpg in Resources */ = {isa = PBXBuildFile; fileRef = 71CFD40A161AFF1900F05CD5 /* findfrnds.jpg */; };
		71CFD40D161B011A00F05CD5 /* info.jpg in Resources */ = {isa = PBXBuildFile; fileRef = 71CFD40C161B011A00F05CD5 /* info.jpg */; };
		71CFD40F161B07CE00F05CD5 /* settings.png in Resources */ = {isa = PBXBuildFile; fileRef = 71CFD40E161B07CE00F05CD5 /* settings.png */; };
		71CFD411161B088100F05CD5 /* 20-gear2.png in Resources */ = {isa = PBXBuildFile; fileRef = 71CFD410161B088100F05CD5 /* 20-gear2.png */; };
		71CFD417161B0BB300F05CD5 /* splashscreen.png in Resources */ = {isa = PBXBuildFile; fileRef = 71CFD416161B0BB300F05CD5 /* splashscreen.png */; };
		71CFD41B161B0CBA00F05CD5 /* ProfileViewController.m in Sources */ = {isa = PBXBuildFile; fileRef = 71CFD419161B0CBA00F05CD5 /* ProfileViewController.m */; };
		71CFD41C161B0CBA00F05CD5 /* ProfileViewController.xib in Resources */ = {isa = PBXBuildFile; fileRef = 71CFD41A161B0CBA00F05CD5 /* ProfileViewController.xib */; };
		71CFD43B161B209C00F05CD5 /* edit.jpg in Resources */ = {isa = PBXBuildFile; fileRef = 71CFD43A161B209C00F05CD5 /* edit.jpg */; };
		71CFD43D161B218A00F05CD5 /* save.jpg in Resources */ = {isa = PBXBuildFile; fileRef = 71CFD43C161B218A00F05CD5 /* save.jpg */; };
		71CFD43F161B231E00F05CD5 /* user.jpg in Resources */ = {isa = PBXBuildFile; fileRef = 71CFD43E161B231E00F05CD5 /* user.jpg */; };
/* End PBXBuildFile section */

/* Begin PBXFileReference section */
		711A1EE2161AC99000E3823C /* back.jpg */ = {isa = PBXFileReference; lastKnownFileType = image.jpeg; path = back.jpg; sourceTree = "<group>"; };
		711A1EE7161ACD5900E3823C /* socialite.jpg */ = {isa = PBXFileReference; lastKnownFileType = image.jpeg; path = socialite.jpg; sourceTree = "<group>"; };
		711A1EE9161ACF2E00E3823C /* continue.jpg */ = {isa = PBXFileReference; lastKnownFileType = image.jpeg; path = continue.jpg; sourceTree = "<group>"; };
		711A1EEB161AD0CB00E3823C /* moreApps.jpg */ = {isa = PBXFileReference; lastKnownFileType = image.jpeg; path = moreApps.jpg; sourceTree = "<group>"; };
		711A1EED161AD2A700E3823C /* removeadds.jpg */ = {isa = PBXFileReference; lastKnownFileType = image.jpeg; path = removeadds.jpg; sourceTree = "<group>"; };
		711A1EF3161AD61100E3823C /* moregreatapps.jpg */ = {isa = PBXFileReference; lastKnownFileType = image.jpeg; path = moregreatapps.jpg; sourceTree = "<group>"; };
		711A1EF7161AD98200E3823C /* add.jpg */ = {isa = PBXFileReference; lastKnownFileType = image.jpeg; path = add.jpg; sourceTree = "<group>"; };
		7120C31C1619DB9600B3FFBE /* SocialApp.app */ = {isa = PBXFileReference; explicitFileType = wrapper.application; includeInIndex = 0; path = SocialApp.app; sourceTree = BUILT_PRODUCTS_DIR; };
		7120C3201619DB9600B3FFBE /* UIKit.framework */ = {isa = PBXFileReference; lastKnownFileType = wrapper.framework; name = UIKit.framework; path = System/Library/Frameworks/UIKit.framework; sourceTree = SDKROOT; };
		7120C3221619DB9600B3FFBE /* Foundation.framework */ = {isa = PBXFileReference; lastKnownFileType = wrapper.framework; name = Foundation.framework; path = System/Library/Frameworks/Foundation.framework; sourceTree = SDKROOT; };
		7120C3241619DB9600B3FFBE /* CoreGraphics.framework */ = {isa = PBXFileReference; lastKnownFileType = wrapper.framework; name = CoreGraphics.framework; path = System/Library/Frameworks/CoreGraphics.framework; sourceTree = SDKROOT; };
		7120C3281619DB9600B3FFBE /* SocialApp-Info.plist */ = {isa = PBXFileReference; lastKnownFileType = text.plist.xml; path = "SocialApp-Info.plist"; sourceTree = "<group>"; };
		7120C32A1619DB9600B3FFBE /* en */ = {isa = PBXFileReference; lastKnownFileType = text.plist.strings; name = en; path = en.lproj/InfoPlist.strings; sourceTree = "<group>"; };
		7120C32C1619DB9600B3FFBE /* main.m */ = {isa = PBXFileReference; lastKnownFileType = sourcecode.c.objc; path = main.m; sourceTree = "<group>"; };
		7120C32E1619DB9600B3FFBE /* SocialApp-Prefix.pch */ = {isa = PBXFileReference; lastKnownFileType = sourcecode.c.h; path = "SocialApp-Prefix.pch"; sourceTree = "<group>"; };
		7120C32F1619DB9600B3FFBE /* AppDelegate.h */ = {isa = PBXFileReference; lastKnownFileType = sourcecode.c.h; path = AppDelegate.h; sourceTree = "<group>"; };
		7120C3301619DB9600B3FFBE /* AppDelegate.m */ = {isa = PBXFileReference; lastKnownFileType = sourcecode.c.objc; path = AppDelegate.m; sourceTree = "<group>"; };
		7120C3321619DB9600B3FFBE /* ViewController.h */ = {isa = PBXFileReference; lastKnownFileType = sourcecode.c.h; path = ViewController.h; sourceTree = "<group>"; };
		7120C3331619DB9600B3FFBE /* ViewController.m */ = {isa = PBXFileReference; lastKnownFileType = sourcecode.c.objc; path = ViewController.m; sourceTree = "<group>"; };
		7120C3361619DB9600B3FFBE /* en */ = {isa = PBXFileReference; lastKnownFileType = file.xib; name = en; path = en.lproj/ViewController.xib; sourceTree = "<group>"; };
		7120C33D1619DBBA00B3FFBE /* Default.png */ = {isa = PBXFileReference; lastKnownFileType = image.png; path = Default.png; sourceTree = "<group>"; };
		7120C3401619DC1000B3FFBE /* images.jpg */ = {isa = PBXFileReference; lastKnownFileType = image.jpeg; path = images.jpg; sourceTree = "<group>"; };
		7120C3421619DCC000B3FFBE /* SecondViewController.h */ = {isa = PBXFileReference; fileEncoding = 4; lastKnownFileType = sourcecode.c.h; path = SecondViewController.h; sourceTree = "<group>"; };
		7120C3431619DCC100B3FFBE /* SecondViewController.m */ = {isa = PBXFileReference; fileEncoding = 4; lastKnownFileType = sourcecode.c.objc; path = SecondViewController.m; sourceTree = "<group>"; };
		7120C3441619DCC100B3FFBE /* SecondViewController.xib */ = {isa = PBXFileReference; fileEncoding = 4; lastKnownFileType = file.xib; path = SecondViewController.xib; sourceTree = "<group>"; };
		71CFD3F5161AE8FB00F05CD5 /* background.jpg */ = {isa = PBXFileReference; lastKnownFileType = image.jpeg; path = background.jpg; sourceTree = "<group>"; };
		71CFD3F8161AED8E00F05CD5 /* background1.jpg */ = {isa = PBXFileReference; lastKnownFileType = image.jpeg; path = background1.jpg; sourceTree = "<group>"; };
		71CFD3FA161AEF1B00F05CD5 /* header.jpg */ = {isa = PBXFileReference; lastKnownFileType = image.jpeg; path = header.jpg; sourceTree = "<group>"; };
		71CFD3FC161AF15100F05CD5 /* back1.jpg */ = {isa = PBXFileReference; lastKnownFileType = image.jpeg; path = back1.jpg; sourceTree = "<group>"; };
		71CFD3FE161AF29100F05CD5 /* friendrequest.jpg */ = {isa = PBXFileReference; lastKnownFileType = image.jpeg; path = friendrequest.jpg; sourceTree = "<group>"; };
		71CFD400161AF34E00F05CD5 /* calls.jpg */ = {isa = PBXFileReference; lastKnownFileType = image.jpeg; path = calls.jpg; sourceTree = "<group>"; };
		71CFD402161AF4A400F05CD5 /* statusupdate.jpg */ = {isa = PBXFileReference; lastKnownFileType = image.jpeg; path = statusupdate.jpg; sourceTree = "<group>"; };
		71CFD404161AF69500F05CD5 /* chat.jpg */ = {isa = PBXFileReference; lastKnownFileType = image.jpeg; path = chat.jpg; sourceTree = "<group>"; };
		71CFD406161AFCBC00F05CD5 /* videocall.jpg */ = {isa = PBXFileReference; lastKnownFileType = image.jpeg; path = videocall.jpg; sourceTree = "<group>"; };
		71CFD408161AFE2E00F05CD5 /* msg.jpg */ = {isa = PBXFileReference; lastKnownFileType = image.jpeg; path = msg.jpg; sourceTree = "<group>"; };
		71CFD40A161AFF1900F05CD5 /* findfrnds.jpg */ = {isa = PBXFileReference; lastKnownFileType = image.jpeg; path = findfrnds.jpg; sourceTree = "<group>"; };
		71CFD40C161B011A00F05CD5 /* info.jpg */ = {isa = PBXFileReference; lastKnownFileType = image.jpeg; path = info.jpg; sourceTree = "<group>"; };
		71CFD40E161B07CE00F05CD5 /* settings.png */ = {isa = PBXFileReference; lastKnownFileType = image.png; path = settings.png; sourceTree = "<group>"; };
		71CFD410161B088100F05CD5 /* 20-gear2.png */ = {isa = PBXFileReference; lastKnownFileType = image.png; path = "20-gear2.png"; sourceTree = "<group>"; };
		71CFD416161B0BB300F05CD5 /* splashscreen.png */ = {isa = PBXFileReference; lastKnownFileType = image.png; path = splashscreen.png; sourceTree = "<group>"; };
		71CFD418161B0CBA00F05CD5 /* ProfileViewController.h */ = {isa = PBXFileReference; fileEncoding = 4; lastKnownFileType = sourcecode.c.h; path = ProfileViewController.h; sourceTree = "<group>"; };
		71CFD419161B0CBA00F05CD5 /* ProfileViewController.m */ = {isa = PBXFileReference; fileEncoding = 4; lastKnownFileType = sourcecode.c.objc; path = ProfileViewController.m; sourceTree = "<group>"; };
		71CFD41A161B0CBA00F05CD5 /* ProfileViewController.xib */ = {isa = PBXFileReference; fileEncoding = 4; lastKnownFileType = file.xib; path = ProfileViewController.xib; sourceTree = "<group>"; };
		71CFD43A161B209C00F05CD5 /* edit.jpg */ = {isa = PBXFileReference; lastKnownFileType = image.jpeg; path = edit.jpg; sourceTree = "<group>"; };
		71CFD43C161B218A00F05CD5 /* save.jpg */ = {isa = PBXFileReference; lastKnownFileType = image.jpeg; path = save.jpg; sourceTree = "<group>"; };
		71CFD43E161B231E00F05CD5 /* user.jpg */ = {isa = PBXFileReference; lastKnownFileType = image.jpeg; path = user.jpg; sourceTree = "<group>"; };
/* End PBXFileReference section */

/* Begin PBXFrameworksBuildPhase section */
		7120C3191619DB9600B3FFBE /* Frameworks */ = {
			isa = PBXFrameworksBuildPhase;
			buildActionMask = 2147483647;
			files = (
				7120C3211619DB9600B3FFBE /* UIKit.framework in Frameworks */,
				7120C3231619DB9600B3FFBE /* Foundation.framework in Frameworks */,
				7120C3251619DB9600B3FFBE /* CoreGraphics.framework in Frameworks */,
			);
			runOnlyForDeploymentPostprocessing = 0;
		};
/* End PBXFrameworksBuildPhase section */

/* Begin PBXGroup section */
		7120C3111619DB9600B3FFBE = {
			isa = PBXGroup;
			children = (
				7120C33F1619DBF800B3FFBE /* images */,
				7120C3261619DB9600B3FFBE /* SocialApp */,
				7120C31F1619DB9600B3FFBE /* Frameworks */,
				7120C31D1619DB9600B3FFBE /* Products */,
			);
			sourceTree = "<group>";
		};
		7120C31D1619DB9600B3FFBE /* Products */ = {
			isa = PBXGroup;
			children = (
				7120C31C1619DB9600B3FFBE /* SocialApp.app */,
			);
			name = Products;
			sourceTree = "<group>";
		};
		7120C31F1619DB9600B3FFBE /* Frameworks */ = {
			isa = PBXGroup;
			children = (
				7120C3201619DB9600B3FFBE /* UIKit.framework */,
				7120C3221619DB9600B3FFBE /* Foundation.framework */,
				7120C3241619DB9600B3FFBE /* CoreGraphics.framework */,
			);
			name = Frameworks;
			sourceTree = "<group>";
		};
		7120C3261619DB9600B3FFBE /* SocialApp */ = {
			isa = PBXGroup;
			children = (
				7120C32F1619DB9600B3FFBE /* AppDelegate.h */,
				7120C3301619DB9600B3FFBE /* AppDelegate.m */,
				7120C3321619DB9600B3FFBE /* ViewController.h */,
				7120C3331619DB9600B3FFBE /* ViewController.m */,
				7120C3351619DB9600B3FFBE /* ViewController.xib */,
				7120C3421619DCC000B3FFBE /* SecondViewController.h */,
				7120C3431619DCC100B3FFBE /* SecondViewController.m */,
				7120C3441619DCC100B3FFBE /* SecondViewController.xib */,
				71CFD418161B0CBA00F05CD5 /* ProfileViewController.h */,
				71CFD419161B0CBA00F05CD5 /* ProfileViewController.m */,
				71CFD41A161B0CBA00F05CD5 /* ProfileViewController.xib */,
				7120C3271619DB9600B3FFBE /* Supporting Files */,
			);
			path = SocialApp;
			sourceTree = "<group>";
		};
		7120C3271619DB9600B3FFBE /* Supporting Files */ = {
			isa = PBXGroup;
			children = (
				7120C3281619DB9600B3FFBE /* SocialApp-Info.plist */,
				7120C3291619DB9600B3FFBE /* InfoPlist.strings */,
				7120C32C1619DB9600B3FFBE /* main.m */,
				7120C32E1619DB9600B3FFBE /* SocialApp-Prefix.pch */,
			);
			name = "Supporting Files";
			sourceTree = "<group>";
		};
		7120C33F1619DBF800B3FFBE /* images */ = {
			isa = PBXGroup;
			children = (
				71CFD416161B0BB300F05CD5 /* splashscreen.png */,
				71CFD3F5161AE8FB00F05CD5 /* background.jpg */,
				71CFD3FE161AF29100F05CD5 /* friendrequest.jpg */,
				71CFD410161B088100F05CD5 /* 20-gear2.png */,
				71CFD404161AF69500F05CD5 /* chat.jpg */,
				71CFD402161AF4A400F05CD5 /* statusupdate.jpg */,
				71CFD3FA161AEF1B00F05CD5 /* header.jpg */,
				71CFD3FC161AF15100F05CD5 /* back1.jpg */,
				71CFD400161AF34E00F05CD5 /* calls.jpg */,
				711A1EE2161AC99000E3823C /* back.jpg */,
				71CFD3F8161AED8E00F05CD5 /* background1.jpg */,
				711A1EF3161AD61100E3823C /* moregreatapps.jpg */,
				71CFD408161AFE2E00F05CD5 /* msg.jpg */,
				711A1EF7161AD98200E3823C /* add.jpg */,
				711A1EEB161AD0CB00E3823C /* moreApps.jpg */,
				71CFD40E161B07CE00F05CD5 /* settings.png */,
				711A1EE9161ACF2E00E3823C /* continue.jpg */,
				711A1EE7161ACD5900E3823C /* socialite.jpg */,
				7120C3401619DC1000B3FFBE /* images.jpg */,
				7120C33D1619DBBA00B3FFBE /* Default.png */,
				711A1EED161AD2A700E3823C /* removeadds.jpg */,
				71CFD406161AFCBC00F05CD5 /* videocall.jpg */,
				71CFD40A161AFF1900F05CD5 /* findfrnds.jpg */,
				71CFD40C161B011A00F05CD5 /* info.jpg */,
				71CFD43A161B209C00F05CD5 /* edit.jpg */,
				71CFD43C161B218A00F05CD5 /* save.jpg */,
				71CFD43E161B231E00F05CD5 /* user.jpg */,
			);
			name = images;
			sourceTree = "<group>";
		};
/* End PBXGroup section */

/* Begin PBXNativeTarget section */
		7120C31B1619DB9600B3FFBE /* SocialApp */ = {
			isa = PBXNativeTarget;
			buildConfigurationList = 7120C33A1619DB9600B3FFBE /* Build configuration list for PBXNativeTarget "SocialApp" */;
			buildPhases = (
				7120C3181619DB9600B3FFBE /* Sources */,
				7120C3191619DB9600B3FFBE /* Frameworks */,
				7120C31A1619DB9600B3FFBE /* Resources */,
			);
			buildRules = (
			);
			dependencies = (
			);
			name = SocialApp;
			productName = SocialApp;
			productReference = 7120C31C1619DB9600B3FFBE /* SocialApp.app */;
			productType = "com.apple.product-type.application";
		};
/* End PBXNativeTarget section */

/* Begin PBXProject section */
		7120C3131619DB9600B3FFBE /* Project object */ = {
			isa = PBXProject;
			attributes = {
				LastUpgradeCheck = 0430;
				ORGANIZATIONNAME = "punnami hatcheries";
			};
			buildConfigurationList = 7120C3161619DB9600B3FFBE /* Build configuration list for PBXProject "SocialApp" */;
			compatibilityVersion = "Xcode 3.2";
			developmentRegion = English;
			hasScannedForEncodings = 0;
			knownRegions = (
				en,
			);
			mainGroup = 7120C3111619DB9600B3FFBE;
			productRefGroup = 7120C31D1619DB9600B3FFBE /* Products */;
			projectDirPath = "";
			projectRoot = "";
			targets = (
				7120C31B1619DB9600B3FFBE /* SocialApp */,
			);
		};
/* End PBXProject section */

/* Begin PBXResourcesBuildPhase section */
		7120C31A1619DB9600B3FFBE /* Resources */ = {
			isa = PBXResourcesBuildPhase;
			buildActionMask = 2147483647;
			files = (
				7120C32B1619DB9600B3FFBE /* InfoPlist.strings in Resources */,
				7120C3371619DB9600B3FFBE /* ViewController.xib in Resources */,
				7120C33E1619DBBA00B3FFBE /* Default.png in Resources */,
				7120C3411619DC1000B3FFBE /* images.jpg in Resources */,
				7120C3461619DCC100B3FFBE /* SecondViewController.xib in Resources */,
				711A1EE3161AC99000E3823C /* back.jpg in Resources */,
				711A1EE8161ACD5900E3823C /* socialite.jpg in Resources */,
				711A1EEA161ACF2E00E3823C /* continue.jpg in Resources */,
				711A1EEC161AD0CB00E3823C /* moreApps.jpg in Resources */,
				711A1EEE161AD2A700E3823C /* removeadds.jpg in Resources */,
				711A1EF4161AD61100E3823C /* moregreatapps.jpg in Resources */,
				711A1EF8161AD98200E3823C /* add.jpg in Resources */,
				71CFD3F6161AE8FB00F05CD5 /* background.jpg in Resources */,
				71CFD3F9161AED8E00F05CD5 /* background1.jpg in Resources */,
				71CFD3FB161AEF1B00F05CD5 /* header.jpg in Resources */,
				71CFD3FD161AF15100F05CD5 /* back1.jpg in Resources */,
				71CFD3FF161AF29100F05CD5 /* friendrequest.jpg in Resources */,
				71CFD401161AF34E00F05CD5 /* calls.jpg in Resources */,
				71CFD403161AF4A400F05CD5 /* statusupdate.jpg in Resources */,
				71CFD405161AF69500F05CD5 /* chat.jpg in Resources */,
				71CFD407161AFCBC00F05CD5 /* videocall.jpg in Resources */,
				71CFD409161AFE2E00F05CD5 /* msg.jpg in Resources */,
				71CFD40B161AFF1900F05CD5 /* findfrnds.jpg in Resources */,
				71CFD40D161B011A00F05CD5 /* info.jpg in Resources */,
				71CFD40F161B07CE00F05CD5 /* settings.png in Resources */,
				71CFD411161B088100F05CD5 /* 20-gear2.png in Resources */,
				71CFD417161B0BB300F05CD5 /* splashscreen.png in Resources */,
				71CFD41C161B0CBA00F05CD5 /* ProfileViewController.xib in Resources */,
				71CFD43B161B209C00F05CD5 /* edit.jpg in Resources */,
				71CFD43D161B218A00F05CD5 /* save.jpg in Resources */,
				71CFD43F161B231E00F05CD5 /* user.jpg in Resources */,
			);
			runOnlyForDeploymentPostprocessing = 0;
		};
/* End PBXResourcesBuildPhase section */

/* Begin PBXSourcesBuildPhase section */
		7120C3181619DB9600B3FFBE /* Sources */ = {
			isa = PBXSourcesBuildPhase;
			buildActionMask = 2147483647;
			files = (
				7120C32D1619DB9600B3FFBE /* main.m in Sources */,
				7120C3311619DB9600B3FFBE /* AppDelegate.m in Sources */,
				7120C3341619DB9600B3FFBE /* ViewController.m in Sources */,
				7120C3451619DCC100B3FFBE /* SecondViewController.m in Sources */,
				71CFD41B161B0CBA00F05CD5 /* ProfileViewController.m in Sources */,
			);
			runOnlyForDeploymentPostprocessing = 0;
		};
/* End PBXSourcesBuildPhase section */

/* Begin PBXVariantGroup section */
		7120C3291619DB9600B3FFBE /* InfoPlist.strings */ = {
			isa = PBXVariantGroup;
			children = (
				7120C32A1619DB9600B3FFBE /* en */,
			);
			name = InfoPlist.strings;
			sourceTree = "<group>";
		};
		7120C3351619DB9600B3FFBE /* ViewController.xib */ = {
			isa = PBXVariantGroup;
			children = (
				7120C3361619DB9600B3FFBE /* en */,
			);
			name = ViewController.xib;
			sourceTree = "<group>";
		};
/* End PBXVariantGroup section */

/* Begin XCBuildConfiguration section */
		7120C3381619DB9600B3FFBE /* Debug */ = {
			isa = XCBuildConfiguration;
			buildSettings = {
				ALWAYS_SEARCH_USER_PATHS = NO;
				ARCHS = "$(ARCHS_STANDARD_32_BIT)";
				"CODE_SIGN_IDENTITY[sdk=iphoneos*]" = "iPhone Developer";
				COPY_PHASE_STRIP = NO;
				GCC_C_LANGUAGE_STANDARD = gnu99;
				GCC_DYNAMIC_NO_PIC = NO;
				GCC_OPTIMIZATION_LEVEL = 0;
				GCC_PREPROCESSOR_DEFINITIONS = (
					"DEBUG=1",
					"$(inherited)",
				);
				GCC_SYMBOLS_PRIVATE_EXTERN = NO;
				GCC_VERSION = com.apple.compilers.llvm.clang.1_0;
				GCC_WARN_ABOUT_RETURN_TYPE = YES;
				GCC_WARN_UNINITIALIZED_AUTOS = YES;
				GCC_WARN_UNUSED_VARIABLE = YES;
				IPHONEOS_DEPLOYMENT_TARGET = 5.1;
				SDKROOT = iphoneos;
			};
			name = Debug;
		};
		7120C3391619DB9600B3FFBE /* Release */ = {
			isa = XCBuildConfiguration;
			buildSettings = {
				ALWAYS_SEARCH_USER_PATHS = NO;
				ARCHS = "$(ARCHS_STANDARD_32_BIT)";
				"CODE_SIGN_IDENTITY[sdk=iphoneos*]" = "iPhone Developer";
				COPY_PHASE_STRIP = YES;
				GCC_C_LANGUAGE_STANDARD = gnu99;
				GCC_VERSION = com.apple.compilers.llvm.clang.1_0;
				GCC_WARN_ABOUT_RETURN_TYPE = YES;
				GCC_WARN_UNINITIALIZED_AUTOS = YES;
				GCC_WARN_UNUSED_VARIABLE = YES;
				IPHONEOS_DEPLOYMENT_TARGET = 5.1;
				OTHER_CFLAGS = "-DNS_BLOCK_ASSERTIONS=1";
				SDKROOT = iphoneos;
				VALIDATE_PRODUCT = YES;
			};
			name = Release;
		};
		7120C33B1619DB9600B3FFBE /* Debug */ = {
			isa = XCBuildConfiguration;
			buildSettings = {
				GCC_PRECOMPILE_PREFIX_HEADER = YES;
				GCC_PREFIX_HEADER = "SocialApp/SocialApp-Prefix.pch";
				INFOPLIST_FILE = "SocialApp/SocialApp-Info.plist";
				PRODUCT_NAME = "$(TARGET_NAME)";
				WRAPPER_EXTENSION = app;
			};
			name = Debug;
		};
		7120C33C1619DB9600B3FFBE /* Release */ = {
			isa = XCBuildConfiguration;
			buildSettings = {
				GCC_PRECOMPILE_PREFIX_HEADER = YES;
				GCC_PREFIX_HEADER = "SocialApp/SocialApp-Prefix.pch";
				INFOPLIST_FILE = "SocialApp/SocialApp-Info.plist";
				PRODUCT_NAME = "$(TARGET_NAME)";
				WRAPPER_EXTENSION = app;
			};
			name = Release;
		};
/* End XCBuildConfiguration section */

/* Begin XCConfigurationList section */
		7120C3161619DB9600B3FFBE /* Build configuration list for PBXProject "SocialApp" */ = {
			isa = XCConfigurationList;
			buildConfigurations = (
				7120C3381619DB9600B3FFBE /* Debug */,
				7120C3391619DB9600B3FFBE /* Release */,
			);
			defaultConfigurationIsVisible = 0;
			defaultConfigurationName = Release;
		};
		7120C33A1619DB9600B3FFBE /* Build configuration list for PBXNativeTarget "SocialApp" */ = {
			isa = XCConfigurationList;
			buildConfigurations = (
				7120C33B1619DB9600B3FFBE /* Debug */,
				7120C33C1619DB9600B3FFBE /* Release */,
			);
			defaultConfigurationIsVisible = 0;
			defaultConfigurationName = Release;
		};
/* End XCConfigurationList section */
	};
	rootObject = 7120C3131619DB9600B3FFBE /* Project object */;
}
